// !$*UTF8*$!
{
	archiveVersion = 1;
	classes = {
	};
	objectVersion = 48;
	objects = {

/* Begin PBXBuildFile section */
		3AA03E2C21A8BFE00095A56F /* AppDelegate.swift in Sources */ = {isa = PBXBuildFile; fileRef = 3AA03E2B21A8BFE00095A56F /* AppDelegate.swift */; };
		3AA03E3121A8BFE00095A56F /* Main.storyboard in Resources */ = {isa = PBXBuildFile; fileRef = 3AA03E2F21A8BFE00095A56F /* Main.storyboard */; };
		3AA03E3321A8BFE00095A56F /* Assets.xcassets in Resources */ = {isa = PBXBuildFile; fileRef = 3AA03E3221A8BFE00095A56F /* Assets.xcassets */; };
		3AA03E3621A8BFE00095A56F /* LaunchScreen.storyboard in Resources */ = {isa = PBXBuildFile; fileRef = 3AA03E3421A8BFE00095A56F /* LaunchScreen.storyboard */; };
		3AA03E4121A8BFE00095A56F /* _parcpruebaTests.swift in Sources */ = {isa = PBXBuildFile; fileRef = 3AA03E4021A8BFE00095A56F /* _parcpruebaTests.swift */; };
		3AA03E4C21A8BFE00095A56F /* _parcpruebaUITests.swift in Sources */ = {isa = PBXBuildFile; fileRef = 3AA03E4B21A8BFE00095A56F /* _parcpruebaUITests.swift */; };
		3AA03E5C21A8C0520095A56F /* StringTableViewController.swift in Sources */ = {isa = PBXBuildFile; fileRef = 3AA03E5B21A8C0520095A56F /* StringTableViewController.swift */; };
/* End PBXBuildFile section */

/* Begin PBXContainerItemProxy section */
		3AA03E3D21A8BFE00095A56F /* PBXContainerItemProxy */ = {
			isa = PBXContainerItemProxy;
			containerPortal = 3AA03E2021A8BFE00095A56F /* Project object */;
			proxyType = 1;
			remoteGlobalIDString = 3AA03E2721A8BFE00095A56F;
			remoteInfo = 2parcprueba;
		};
		3AA03E4821A8BFE00095A56F /* PBXContainerItemProxy */ = {
			isa = PBXContainerItemProxy;
			containerPortal = 3AA03E2021A8BFE00095A56F /* Project object */;
			proxyType = 1;
			remoteGlobalIDString = 3AA03E2721A8BFE00095A56F;
			remoteInfo = 2parcprueba;
		};
/* End PBXContainerItemProxy section */

/* Begin PBXFileReference section */
		3AA03E2821A8BFE00095A56F /* 2parcprueba.app */ = {isa = PBXFileReference; explicitFileType = wrapper.application; includeInIndex = 0; path = 2parcprueba.app; sourceTree = BUILT_PRODUCTS_DIR; };
		3AA03E2B21A8BFE00095A56F /* AppDelegate.swift */ = {isa = PBXFileReference; lastKnownFileType = sourcecode.swift; path = AppDelegate.swift; sourceTree = "<group>"; };
		3AA03E3021A8BFE00095A56F /* Base */ = {isa = PBXFileReference; lastKnownFileType = file.storyboard; name = Base; path = Base.lproj/Main.storyboard; sourceTree = "<group>"; };
		3AA03E3221A8BFE00095A56F /* Assets.xcassets */ = {isa = PBXFileReference; lastKnownFileType = folder.assetcatalog; path = Assets.xcassets; sourceTree = "<group>"; };
		3AA03E3521A8BFE00095A56F /* Base */ = {isa = PBXFileReference; lastKnownFileType = file.storyboard; name = Base; path = Base.lproj/LaunchScreen.storyboard; sourceTree = "<group>"; };
		3AA03E3721A8BFE00095A56F /* Info.plist */ = {isa = PBXFileReference; lastKnownFileType = text.plist.xml; path = Info.plist; sourceTree = "<group>"; };
		3AA03E3C21A8BFE00095A56F /* 2parcpruebaTests.xctest */ = {isa = PBXFileReference; explicitFileType = wrapper.cfbundle; includeInIndex = 0; path = 2parcpruebaTests.xctest; sourceTree = BUILT_PRODUCTS_DIR; };
		3AA03E4021A8BFE00095A56F /* _parcpruebaTests.swift */ = {isa = PBXFileReference; lastKnownFileType = sourcecode.swift; path = _parcpruebaTests.swift; sourceTree = "<group>"; };
		3AA03E4221A8BFE00095A56F /* Info.plist */ = {isa = PBXFileReference; lastKnownFileType = text.plist.xml; path = Info.plist; sourceTree = "<group>"; };
		3AA03E4721A8BFE00095A56F /* 2parcpruebaUITests.xctest */ = {isa = PBXFileReference; explicitFileType = wrapper.cfbundle; includeInIndex = 0; path = 2parcpruebaUITests.xctest; sourceTree = BUILT_PRODUCTS_DIR; };
		3AA03E4B21A8BFE00095A56F /* _parcpruebaUITests.swift */ = {isa = PBXFileReference; lastKnownFileType = sourcecode.swift; path = _parcpruebaUITests.swift; sourceTree = "<group>"; };
		3AA03E4D21A8BFE00095A56F /* Info.plist */ = {isa = PBXFileReference; lastKnownFileType = text.plist.xml; path = Info.plist; sourceTree = "<group>"; };
		3AA03E5B21A8C0520095A56F /* StringTableViewController.swift */ = {isa = PBXFileReference; lastKnownFileType = sourcecode.swift; path = StringTableViewController.swift; sourceTree = "<group>"; };
/* End PBXFileReference section */

/* Begin PBXFrameworksBuildPhase section */
		3AA03E2521A8BFE00095A56F /* Frameworks */ = {
			isa = PBXFrameworksBuildPhase;
			buildActionMask = 2147483647;
			files = (
			);
			runOnlyForDeploymentPostprocessing = 0;
		};
		3AA03E3921A8BFE00095A56F /* Frameworks */ = {
			isa = PBXFrameworksBuildPhase;
			buildActionMask = 2147483647;
			files = (
			);
			runOnlyForDeploymentPostprocessing = 0;
		};
		3AA03E4421A8BFE00095A56F /* Frameworks */ = {
			isa = PBXFrameworksBuildPhase;
			buildActionMask = 2147483647;
			files = (
			);
			runOnlyForDeploymentPostprocessing = 0;
		};
/* End PBXFrameworksBuildPhase section */

/* Begin PBXGroup section */
		3AA03E1F21A8BFE00095A56F = {
			isa = PBXGroup;
			children = (
				3AA03E2A21A8BFE00095A56F /* 2parcprueba */,
				3AA03E3F21A8BFE00095A56F /* 2parcpruebaTests */,
				3AA03E4A21A8BFE00095A56F /* 2parcpruebaUITests */,
				3AA03E2921A8BFE00095A56F /* Products */,
			);
			sourceTree = "<group>";
		};
		3AA03E2921A8BFE00095A56F /* Products */ = {
			isa = PBXGroup;
			children = (
				3AA03E2821A8BFE00095A56F /* 2parcprueba.app */,
				3AA03E3C21A8BFE00095A56F /* 2parcpruebaTests.xctest */,
				3AA03E4721A8BFE00095A56F /* 2parcpruebaUITests.xctest */,
			);
			name = Products;
			sourceTree = "<group>";
		};
		3AA03E2A21A8BFE00095A56F /* 2parcprueba */ = {
			isa = PBXGroup;
			children = (
				3AA03E2B21A8BFE00095A56F /* AppDelegate.swift */,
				3AA03E2F21A8BFE00095A56F /* Main.storyboard */,
				3AA03E3221A8BFE00095A56F /* Assets.xcassets */,
				3AA03E3421A8BFE00095A56F /* LaunchScreen.storyboard */,
				3AA03E3721A8BFE00095A56F /* Info.plist */,
				3AA03E5B21A8C0520095A56F /* StringTableViewController.swift */,
			);
			path = 2parcprueba;
			sourceTree = "<group>";
		};
		3AA03E3F21A8BFE00095A56F /* 2parcpruebaTests */ = {
			isa = PBXGroup;
			children = (
				3AA03E4021A8BFE00095A56F /* _parcpruebaTests.swift */,
				3AA03E4221A8BFE00095A56F /* Info.plist */,
			);
			path = 2parcpruebaTests;
			sourceTree = "<group>";
		};
		3AA03E4A21A8BFE00095A56F /* 2parcpruebaUITests */ = {
			isa = PBXGroup;
			children = (
				3AA03E4B21A8BFE00095A56F /* _parcpruebaUITests.swift */,
				3AA03E4D21A8BFE00095A56F /* Info.plist */,
			);
			path = 2parcpruebaUITests;
			sourceTree = "<group>";
		};
/* End PBXGroup section */

/* Begin PBXNativeTarget section */
		3AA03E2721A8BFE00095A56F /* 2parcprueba */ = {
			isa = PBXNativeTarget;
			buildConfigurationList = 3AA03E5021A8BFE00095A56F /* Build configuration list for PBXNativeTarget "2parcprueba" */;
			buildPhases = (
				3AA03E2421A8BFE00095A56F /* Sources */,
				3AA03E2521A8BFE00095A56F /* Frameworks */,
				3AA03E2621A8BFE00095A56F /* Resources */,
			);
			buildRules = (
			);
			dependencies = (
			);
			name = 2parcprueba;
			productName = 2parcprueba;
			productReference = 3AA03E2821A8BFE00095A56F /* 2parcprueba.app */;
			productType = "com.apple.product-type.application";
		};
		3AA03E3B21A8BFE00095A56F /* 2parcpruebaTests */ = {
			isa = PBXNativeTarget;
			buildConfigurationList = 3AA03E5321A8BFE00095A56F /* Build configuration list for PBXNativeTarget "2parcpruebaTests" */;
			buildPhases = (
				3AA03E3821A8BFE00095A56F /* Sources */,
				3AA03E3921A8BFE00095A56F /* Frameworks */,
				3AA03E3A21A8BFE00095A56F /* Resources */,
			);
			buildRules = (
			);
			dependencies = (
				3AA03E3E21A8BFE00095A56F /* PBXTargetDependency */,
			);
			name = 2parcpruebaTests;
			productName = 2parcpruebaTests;
			productReference = 3AA03E3C21A8BFE00095A56F /* 2parcpruebaTests.xctest */;
			productType = "com.apple.product-type.bundle.unit-test";
		};
		3AA03E4621A8BFE00095A56F /* 2parcpruebaUITests */ = {
			isa = PBXNativeTarget;
			buildConfigurationList = 3AA03E5621A8BFE00095A56F /* Build configuration list for PBXNativeTarget "2parcpruebaUITests" */;
			buildPhases = (
				3AA03E4321A8BFE00095A56F /* Sources */,
				3AA03E4421A8BFE00095A56F /* Frameworks */,
				3AA03E4521A8BFE00095A56F /* Resources */,
			);
			buildRules = (
			);
			dependencies = (
				3AA03E4921A8BFE00095A56F /* PBXTargetDependency */,
			);
			name = 2parcpruebaUITests;
			productName = 2parcpruebaUITests;
			productReference = 3AA03E4721A8BFE00095A56F /* 2parcpruebaUITests.xctest */;
			productType = "com.apple.product-type.bundle.ui-testing";
		};
/* End PBXNativeTarget section */

/* Begin PBXProject section */
		3AA03E2021A8BFE00095A56F /* Project object */ = {
			isa = PBXProject;
			attributes = {
				LastSwiftUpdateCheck = 0920;
				LastUpgradeCheck = 0920;
				ORGANIZATIONNAME = Adrian;
				TargetAttributes = {
					3AA03E2721A8BFE00095A56F = {
						CreatedOnToolsVersion = 9.2;
						ProvisioningStyle = Automatic;
					};
					3AA03E3B21A8BFE00095A56F = {
						CreatedOnToolsVersion = 9.2;
						ProvisioningStyle = Automatic;
						TestTargetID = 3AA03E2721A8BFE00095A56F;
					};
					3AA03E4621A8BFE00095A56F = {
						CreatedOnToolsVersion = 9.2;
						ProvisioningStyle = Automatic;
						TestTargetID = 3AA03E2721A8BFE00095A56F;
					};
				};
			};
			buildConfigurationList = 3AA03E2321A8BFE00095A56F /* Build configuration list for PBXProject "2parcprueba" */;
			compatibilityVersion = "Xcode 8.0";
			developmentRegion = en;
			hasScannedForEncodings = 0;
			knownRegions = (
				en,
				Base,
			);
			mainGroup = 3AA03E1F21A8BFE00095A56F;
			productRefGroup = 3AA03E2921A8BFE00095A56F /* Products */;
			projectDirPath = "";
			projectRoot = "";
			targets = (
				3AA03E2721A8BFE00095A56F /* 2parcprueba */,
				3AA03E3B21A8BFE00095A56F /* 2parcpruebaTests */,
				3AA03E4621A8BFE00095A56F /* 2parcpruebaUITests */,
			);
		};
/* End PBXProject section */

/* Begin PBXResourcesBuildPhase section */
		3AA03E2621A8BFE00095A56F /* Resources */ = {
			isa = PBXResourcesBuildPhase;
			buildActionMask = 2147483647;
			files = (
				3AA03E3621A8BFE00095A56F /* LaunchScreen.storyboard in Resources */,
				3AA03E3321A8BFE00095A56F /* Assets.xcassets in Resources */,
				3AA03E3121A8BFE00095A56F /* Main.storyboard in Resources */,
			);
			runOnlyForDeploymentPostprocessing = 0;
		};
		3AA03E3A21A8BFE00095A56F /* Resources */ = {
			isa = PBXResourcesBuildPhase;
			buildActionMask = 2147483647;
			files = (
			);
			runOnlyForDeploymentPostprocessing = 0;
		};
		3AA03E4521A8BFE00095A56F /* Resources */ = {
			isa = PBXResourcesBuildPhase;
			buildActionMask = 2147483647;
			files = (
			);
			runOnlyForDeploymentPostprocessing = 0;
		};
/* End PBXResourcesBuildPhase section */

/* Begin PBXSourcesBuildPhase section */
		3AA03E2421A8BFE00095A56F /* Sources */ = {
			isa = PBXSourcesBuildPhase;
			buildActionMask = 2147483647;
			files = (
				3AA03E5C21A8C0520095A56F /* StringTableViewController.swift in Sources */,
				3AA03E2C21A8BFE00095A56F /* AppDelegate.swift in Sources */,
			);
			runOnlyForDeploymentPostprocessing = 0;
		};
		3AA03E3821A8BFE00095A56F /* Sources */ = {
			isa = PBXSourcesBuildPhase;
			buildActionMask = 2147483647;
			files = (
				3AA03E4121A8BFE00095A56F /* _parcpruebaTests.swift in Sources */,
			);
			runOnlyForDeploymentPostprocessing = 0;
		};
		3AA03E4321A8BFE00095A56F /* Sources */ = {
			isa = PBXSourcesBuildPhase;
			buildActionMask = 2147483647;
			files = (
				3AA03E4C21A8BFE00095A56F /* _parcpruebaUITests.swift in Sources */,
			);
			runOnlyForDeploymentPostprocessing = 0;
		};
/* End PBXSourcesBuildPhase section */

/* Begin PBXTargetDependency section */
		3AA03E3E21A8BFE00095A56F /* PBXTargetDependency */ = {
			isa = PBXTargetDependency;
			target = 3AA03E2721A8BFE00095A56F /* 2parcprueba */;
			targetProxy = 3AA03E3D21A8BFE00095A56F /* PBXContainerItemProxy */;
		};
		3AA03E4921A8BFE00095A56F /* PBXTargetDependency */ = {
			isa = PBXTargetDependency;
			target = 3AA03E2721A8BFE00095A56F /* 2parcprueba */;
			targetProxy = 3AA03E4821A8BFE00095A56F /* PBXContainerItemProxy */;
		};
/* End PBXTargetDependency section */

/* Begin PBXVariantGroup section */
		3AA03E2F21A8BFE00095A56F /* Main.storyboard */ = {
			isa = PBXVariantGroup;
			children = (
				3AA03E3021A8BFE00095A56F /* Base */,
			);
			name = Main.storyboard;
			sourceTree = "<group>";
		};
		3AA03E3421A8BFE00095A56F /* LaunchScreen.storyboard */ = {
			isa = PBXVariantGroup;
			children = (
				3AA03E3521A8BFE00095A56F /* Base */,
			);
			name = LaunchScreen.storyboard;
			sourceTree = "<group>";
		};
/* End PBXVariantGroup section */

/* Begin XCBuildConfiguration section */
		3AA03E4E21A8BFE00095A56F /* Debug */ = {
			isa = XCBuildConfiguration;
			buildSettings = {
				ALWAYS_SEARCH_USER_PATHS = NO;
				CLANG_ANALYZER_NONNULL = YES;
				CLANG_ANALYZER_NUMBER_OBJECT_CONVERSION = YES_AGGRESSIVE;
				CLANG_CXX_LANGUAGE_STANDARD = "gnu++14";
				CLANG_CXX_LIBRARY = "libc++";
				CLANG_ENABLE_MODULES = YES;
				CLANG_ENABLE_OBJC_ARC = YES;
				CLANG_WARN_BLOCK_CAPTURE_AUTORELEASING = YES;
				CLANG_WARN_BOOL_CONVERSION = YES;
				CLANG_WARN_COMMA = YES;
				CLANG_WARN_CONSTANT_CONVERSION = YES;
				CLANG_WARN_DIRECT_OBJC_ISA_USAGE = YES_ERROR;
				CLANG_WARN_DOCUMENTATION_COMMENTS = YES;
				CLANG_WARN_EMPTY_BODY = YES;
				CLANG_WARN_ENUM_CONVERSION = YES;
				CLANG_WARN_INFINITE_RECURSION = YES;
				CLANG_WARN_INT_CONVERSION = YES;
				CLANG_WARN_NON_LITERAL_NULL_CONVERSION = YES;
				CLANG_WARN_OBJC_LITERAL_CONVERSION = YES;
				CLANG_WARN_OBJC_ROOT_CLASS = YES_ERROR;
				CLANG_WARN_RANGE_LOOP_ANALYSIS = YES;
				CLANG_WARN_STRICT_PROTOTYPES = YES;
				CLANG_WARN_SUSPICIOUS_MOVE = YES;
				CLANG_WARN_UNGUARDED_AVAILABILITY = YES_AGGRESSIVE;
				CLANG_WARN_UNREACHABLE_CODE = YES;
				CLANG_WARN__DUPLICATE_METHOD_MATCH = YES;
				CODE_SIGN_IDENTITY = "iPhone Developer";
				COPY_PHASE_STRIP = NO;
				DEBUG_INFORMATION_FORMAT = dwarf;
				ENABLE_STRICT_OBJC_MSGSEND = YES;
				ENABLE_TESTABILITY = YES;
				GCC_C_LANGUAGE_STANDARD = gnu11;
				GCC_DYNAMIC_NO_PIC = NO;
				GCC_NO_COMMON_BLOCKS = YES;
				GCC_OPTIMIZATION_LEVEL = 0;
				GCC_PREPROCESSOR_DEFINITIONS = (
					"DEBUG=1",
					"$(inherited)",
				);
				GCC_WARN_64_TO_32_BIT_CONVERSION = YES;
				GCC_WARN_ABOUT_RETURN_TYPE = YES_ERROR;
				GCC_WARN_UNDECLARED_SELECTOR = YES;
				GCC_WARN_UNINITIALIZED_AUTOS = YES_AGGRESSIVE;
				GCC_WARN_UNUSED_FUNCTION = YES;
				GCC_WARN_UNUSED_VARIABLE = YES;
				IPHONEOS_DEPLOYMENT_TARGET = 11.2;
				MTL_ENABLE_DEBUG_INFO = YES;
				ONLY_ACTIVE_ARCH = YES;
				SDKROOT = iphoneos;
				SWIFT_ACTIVE_COMPILATION_CONDITIONS = DEBUG;
				SWIFT_OPTIMIZATION_LEVEL = "-Onone";
			};
			name = Debug;
		};
		3AA03E4F21A8BFE00095A56F /* Release */ = {
			isa = XCBuildConfiguration;
			buildSettings = {
				ALWAYS_SEARCH_USER_PATHS = NO;
				CLANG_ANALYZER_NONNULL = YES;
				CLANG_ANALYZER_NUMBER_OBJECT_CONVERSION = YES_AGGRESSIVE;
				CLANG_CXX_LANGUAGE_STANDARD = "gnu++14";
				CLANG_CXX_LIBRARY = "libc++";
				CLANG_ENABLE_MODULES = YES;
				CLANG_ENABLE_OBJC_ARC = YES;
				CLANG_WARN_BLOCK_CAPTURE_AUTORELEASING = YES;
				CLANG_WARN_BOOL_CONVERSION = YES;
				CLANG_WARN_COMMA = YES;
				CLANG_WARN_CONSTANT_CONVERSION = YES;
				CLANG_WARN_DIRECT_OBJC_ISA_USAGE = YES_ERROR;
				CLANG_WARN_DOCUMENTATION_COMMENTS = YES;
				CLANG_WARN_EMPTY_BODY = YES;
				CLANG_WARN_ENUM_CONVERSION = YES;
				CLANG_WARN_INFINITE_RECURSION = YES;
				CLANG_WARN_INT_CONVERSION = YES;
				CLANG_WARN_NON_LITERAL_NULL_CONVERSION = YES;
				CLANG_WARN_OBJC_LITERAL_CONVERSION = YES;
				CLANG_WARN_OBJC_ROOT_CLASS = YES_ERROR;
				CLANG_WARN_RANGE_LOOP_ANALYSIS = YES;
				CLANG_WARN_STRICT_PROTOTYPES = YES;
				CLANG_WARN_SUSPICIOUS_MOVE = YES;
				CLANG_WARN_UNGUARDED_AVAILABILITY = YES_AGGRESSIVE;
				CLANG_WARN_UNREACHABLE_CODE = YES;
				CLANG_WARN__DUPLICATE_METHOD_MATCH = YES;
				CODE_SIGN_IDENTITY = "iPhone Developer";
				COPY_PHASE_STRIP = NO;
				DEBUG_INFORMATION_FORMAT = "dwarf-with-dsym";
				ENABLE_NS_ASSERTIONS = NO;
				ENABLE_STRICT_OBJC_MSGSEND = YES;
				GCC_C_LANGUAGE_STANDARD = gnu11;
				GCC_NO_COMMON_BLOCKS = YES;
				GCC_WARN_64_TO_32_BIT_CONVERSION = YES;
				GCC_WARN_ABOUT_RETURN_TYPE = YES_ERROR;
				GCC_WARN_UNDECLARED_SELECTOR = YES;
				GCC_WARN_UNINITIALIZED_AUTOS = YES_AGGRESSIVE;
				GCC_WARN_UNUSED_FUNCTION = YES;
				GCC_WARN_UNUSED_VARIABLE = YES;
				IPHONEOS_DEPLOYMENT_TARGET = 11.2;
				MTL_ENABLE_DEBUG_INFO = NO;
				SDKROOT = iphoneos;
				SWIFT_OPTIMIZATION_LEVEL = "-Owholemodule";
				VALIDATE_PRODUCT = YES;
			};
			name = Release;
		};
		3AA03E5121A8BFE00095A56F /* Debug */ = {
			isa = XCBuildConfiguration;
			buildSettings = {
				ASSETCATALOG_COMPILER_APPICON_NAME = AppIcon;
				CODE_SIGN_STYLE = Automatic;
				DEVELOPMENT_TEAM = PAPZUJDCZ5;
				INFOPLIST_FILE = 2parcprueba/Info.plist;
				LD_RUNPATH_SEARCH_PATHS = "$(inherited) @executable_path/Frameworks";
				PRODUCT_BUNDLE_IDENTIFIER = "es.upm.dit.-parcprueba";
				PRODUCT_NAME = "$(TARGET_NAME)";
				SWIFT_VERSION = 4.0;
				TARGETED_DEVICE_FAMILY = "1,2";
			};
			name = Debug;
		};
		3AA03E5221A8BFE00095A56F /* Release */ = {
			isa = XCBuildConfiguration;
			buildSettings = {
				ASSETCATALOG_COMPILER_APPICON_NAME = AppIcon;
				CODE_SIGN_STYLE = Automatic;
				DEVELOPMENT_TEAM = PAPZUJDCZ5;
				INFOPLIST_FILE = 2parcprueba/Info.plist;
				LD_RUNPATH_SEARCH_PATHS = "$(inherited) @executable_path/Frameworks";
				PRODUCT_BUNDLE_IDENTIFIER = "es.upm.dit.-parcprueba";
				PRODUCT_NAME = "$(TARGET_NAME)";
				SWIFT_VERSION = 4.0;
				TARGETED_DEVICE_FAMILY = "1,2";
			};
			name = Release;
		};
		3AA03E5421A8BFE00095A56F /* Debug */ = {
			isa = XCBuildConfiguration;
			buildSettings = {
				ALWAYS_EMBED_SWIFT_STANDARD_LIBRARIES = YES;
				BUNDLE_LOADER = "$(TEST_HOST)";
				CODE_SIGN_STYLE = Automatic;
				DEVELOPMENT_TEAM = PAPZUJDCZ5;
				INFOPLIST_FILE = 2parcpruebaTests/Info.plist;
				LD_RUNPATH_SEARCH_PATHS = "$(inherited) @executable_path/Frameworks @loader_path/Frameworks";
				PRODUCT_BUNDLE_IDENTIFIER = "es.upm.dit.-parcpruebaTests";
				PRODUCT_NAME = "$(TARGET_NAME)";
				SWIFT_VERSION = 4.0;
				TARGETED_DEVICE_FAMILY = "1,2";
				TEST_HOST = "$(BUILT_PRODUCTS_DIR)/2parcprueba.app/2parcprueba";
			};
			name = Debug;
		};
		3AA03E5521A8BFE00095A56F /* Release */ = {
			isa = XCBuildConfiguration;
			buildSettings = {
				ALWAYS_EMBED_SWIFT_STANDARD_LIBRARIES = YES;
				BUNDLE_LOADER = "$(TEST_HOST)";
				CODE_SIGN_STYLE = Automatic;
				DEVELOPMENT_TEAM = PAPZUJDCZ5;
				INFOPLIST_FILE = 2parcpruebaTests/Info.plist;
				LD_RUNPATH_SEARCH_PATHS = "$(inherited) @executable_path/Frameworks @loader_path/Frameworks";
				PRODUCT_BUNDLE_IDENTIFIER = "es.upm.dit.-parcpruebaTests";
				PRODUCT_NAME = "$(TARGET_NAME)";
				SWIFT_VERSION = 4.0;
				TARGETED_DEVICE_FAMILY = "1,2";
				TEST_HOST = "$(BUILT_PRODUCTS_DIR)/2parcprueba.app/2parcprueba";
			};
			name = Release;
		};
		3AA03E5721A8BFE00095A56F /* Debug */ = {
			isa = XCBuildConfiguration;
			buildSettings = {
				ALWAYS_EMBED_SWIFT_STANDARD_LIBRARIES = YES;
				CODE_SIGN_STYLE = Automatic;
				DEVELOPMENT_TEAM = PAPZUJDCZ5;
				INFOPLIST_FILE = 2parcpruebaUITests/Info.plist;
				LD_RUNPATH_SEARCH_PATHS = "$(inherited) @executable_path/Frameworks @loader_path/Frameworks";
				PRODUCT_BUNDLE_IDENTIFIER = "es.upm.dit.-parcpruebaUITests";
				PRODUCT_NAME = "$(TARGET_NAME)";
				SWIFT_VERSION = 4.0;
				TARGETED_DEVICE_FAMILY = "1,2";
				TEST_TARGET_NAME = 2parcprueba;
			};
			name = Debug;
		};
		3AA03E5821A8BFE00095A56F /* Release */ = {
			isa = XCBuildConfiguration;
			buildSettings = {
				ALWAYS_EMBED_SWIFT_STANDARD_LIBRARIES = YES;
				CODE_SIGN_STYLE = Automatic;
				DEVELOPMENT_TEAM = PAPZUJDCZ5;
				INFOPLIST_FILE = 2parcpruebaUITests/Info.plist;
				LD_RUNPATH_SEARCH_PATHS = "$(inherited) @executable_path/Frameworks @loader_path/Frameworks";
				PRODUCT_BUNDLE_IDENTIFIER = "es.upm.dit.-parcpruebaUITests";
				PRODUCT_NAME = "$(TARGET_NAME)";
				SWIFT_VERSION = 4.0;
				TARGETED_DEVICE_FAMILY = "1,2";
				TEST_TARGET_NAME = 2parcprueba;
			};
			name = Release;
		};
/* End XCBuildConfiguration section */

/* Begin XCConfigurationList section */
		3AA03E2321A8BFE00095A56F /* Build configuration list for PBXProject "2parcprueba" */ = {
			isa = XCConfigurationList;
			buildConfigurations = (
				3AA03E4E21A8BFE00095A56F /* Debug */,
				3AA03E4F21A8BFE00095A56F /* Release */,
			);
			defaultConfigurationIsVisible = 0;
			defaultConfigurationName = Release;
		};
		3AA03E5021A8BFE00095A56F /* Build configuration list for PBXNativeTarget "2parcprueba" */ = {
			isa = XCConfigurationList;
			buildConfigurations = (
				3AA03E5121A8BFE00095A56F /* Debug */,
				3AA03E5221A8BFE00095A56F /* Release */,
			);
			defaultConfigurationIsVisible = 0;
			defaultConfigurationName = Release;
		};
		3AA03E5321A8BFE00095A56F /* Build configuration list for PBXNativeTarget "2parcpruebaTests" */ = {
			isa = XCConfigurationList;
			buildConfigurations = (
				3AA03E5421A8BFE00095A56F /* Debug */,
				3AA03E5521A8BFE00095A56F /* Release */,
			);
			defaultConfigurationIsVisible = 0;
			defaultConfigurationName = Release;
		};
		3AA03E5621A8BFE00095A56F /* Build configuration list for PBXNativeTarget "2parcpruebaUITests" */ = {
			isa = XCConfigurationList;
			buildConfigurations = (
				3AA03E5721A8BFE00095A56F /* Debug */,
				3AA03E5821A8BFE00095A56F /* Release */,
			);
			defaultConfigurationIsVisible = 0;
			defaultConfigurationName = Release;
		};
/* End XCConfigurationList section */
	};
	rootObject = 3AA03E2021A8BFE00095A56F /* Project object */;
}
